
Microsoft Visual Studio Solution File, Format Version 12.00
# Visual Studio Version 16
VisualStudioVersion = 16.0.31019.35
MinimumVisualStudioVersion = 10.0.40219.1
Project("{9A19103F-16F7-4668-BE54-9A1E7A4F7556}") = "Reminders.Core", "Reminders.Core\Reminders.Core.csproj", "{DD35AD83-DA1A-44E3-9A7F-4A74AF23B85D}"
EndProject
Project("{FAE04EC0-301F-11D3-BF4B-00C04F79EFBC}") = "Reminders", "Reminders\Reminders.csproj", "{35A03433-1BDD-406E-898D-61811935B793}"
EndProject
Global
	GlobalSection(SolutionConfigurationPlatforms) = preSolution
		Debug|Any CPU = Debug|Any CPU
		Release|Any CPU = Release|Any CPU
	EndGlobalSection
	GlobalSection(ProjectConfigurationPlatforms) = postSolution
		{DD35AD83-DA1A-44E3-9A7F-4A74AF23B85D}.Debug|Any CPU.ActiveCfg = Debug|Any CPU
		{DD35AD83-DA1A-44E3-9A7F-4A74AF23B85D}.Debug|Any CPU.Build.0 = Debug|Any CPU
		{DD35AD83-DA1A-44E3-9A7F-4A74AF23B85D}.Release|Any CPU.ActiveCfg = Release|Any CPU
		{DD35AD83-DA1A-44E3-9A7F-4A74AF23B85D}.Release|Any CPU.Build.0 = Release|Any CPU
		{35A03433-1BDD-406E-898D-61811935B793}.Debug|Any CPU.ActiveCfg = Debug|Any CPU
		{35A03433-1BDD-406E-898D-61811935B793}.Debug|Any CPU.Build.0 = Debug|Any CPU
		{35A03433-1BDD-406E-898D-61811935B793}.Release|Any CPU.ActiveCfg = Release|Any CPU
		{35A03433-1BDD-406E-898D-61811935B793}.Release|Any CPU.Build.0 = Release|Any CPU
	EndGlobalSection
	GlobalSection(SolutionProperties) = preSolution
		HideSolutionNode = FALSE
	EndGlobalSection
	GlobalSection(ExtensibilityGlobals) = postSolution
		SolutionGuid = {024EA772-F73F-4131-9A09-4B141244E78B}
	EndGlobalSection
EndGlobal
